// !$*UTF8*$!
{
	archiveVersion = 1;
	classes = {
	};
	objectVersion = 56;
	objects = {

/* Begin PBXBuildFile section */
		07219E9B29E24A85001C5D84 /* User.swift in Sources */ = {isa = PBXBuildFile; fileRef = 07219E9A29E24A85001C5D84 /* User.swift */; };
		073AB3C629EA5F00004584CC /* WidgetKit.framework in Frameworks */ = {isa = PBXBuildFile; fileRef = 074925882995FE0300E3AB46 /* WidgetKit.framework */; };
		073AB3C729EA5F00004584CC /* SwiftUI.framework in Frameworks */ = {isa = PBXBuildFile; fileRef = 0749258A2995FE0300E3AB46 /* SwiftUI.framework */; };
		073AB3CA29EA5F00004584CC /* TweetPreviewWidgetBundle.swift in Sources */ = {isa = PBXBuildFile; fileRef = 073AB3C929EA5F00004584CC /* TweetPreviewWidgetBundle.swift */; };
		073AB3CC29EA5F00004584CC /* TweetPreviewWidgetLiveActivity.swift in Sources */ = {isa = PBXBuildFile; fileRef = 073AB3CB29EA5F00004584CC /* TweetPreviewWidgetLiveActivity.swift */; };
		073AB3CE29EA5F00004584CC /* TweetPreviewWidget.swift in Sources */ = {isa = PBXBuildFile; fileRef = 073AB3CD29EA5F00004584CC /* TweetPreviewWidget.swift */; };
		073AB3D029EA5F01004584CC /* Assets.xcassets in Resources */ = {isa = PBXBuildFile; fileRef = 073AB3CF29EA5F01004584CC /* Assets.xcassets */; };
		073AB3D429EA5F01004584CC /* TweetPreviewWidgetExtension.appex in Embed Foundation Extensions */ = {isa = PBXBuildFile; fileRef = 073AB3C529EA5F00004584CC /* TweetPreviewWidgetExtension.appex */; settings = {ATTRIBUTES = (RemoveHeadersOnCopy, ); }; };
		074925812995877800E3AB46 /* TweetView.swift in Sources */ = {isa = PBXBuildFile; fileRef = 074925802995877800E3AB46 /* TweetView.swift */; };
		07B9DB4229974FD2006B5C34 /* CoreViewModel.swift in Sources */ = {isa = PBXBuildFile; fileRef = 07B9DB4129974FD2006B5C34 /* CoreViewModel.swift */; };
		07B9DB50299B45AB006B5C34 /* Supabase in Frameworks */ = {isa = PBXBuildFile; productRef = 07B9DB4F299B45AB006B5C34 /* Supabase */; };
		07BE4D7D2990BE7A0086D009 /* TweetWidgetApp.swift in Sources */ = {isa = PBXBuildFile; fileRef = 07BE4D7C2990BE7A0086D009 /* TweetWidgetApp.swift */; };
		07BE4D7F2990BE7A0086D009 /* HomeView.swift in Sources */ = {isa = PBXBuildFile; fileRef = 07BE4D7E2990BE7A0086D009 /* HomeView.swift */; };
		07BE4D812990BE7A0086D009 /* Assets.xcassets in Resources */ = {isa = PBXBuildFile; fileRef = 07BE4D802990BE7A0086D009 /* Assets.xcassets */; };
		07BE4D842990BE7A0086D009 /* Preview Assets.xcassets in Resources */ = {isa = PBXBuildFile; fileRef = 07BE4D832990BE7A0086D009 /* Preview Assets.xcassets */; };
		07BE4D8B2990C4C40086D009 /* CoreView.swift in Sources */ = {isa = PBXBuildFile; fileRef = 07BE4D8A2990C4C40086D009 /* CoreView.swift */; };
		07BE4D932990DD180086D009 /* Tweet.swift in Sources */ = {isa = PBXBuildFile; fileRef = 07BE4D922990DD180086D009 /* Tweet.swift */; };
		07BE4D982991F04D0086D009 /* Constants.swift in Sources */ = {isa = PBXBuildFile; fileRef = 07BE4D972991F04D0086D009 /* Constants.swift */; };
		07D14EED29EB64B0008A8482 /* TweetPreviewWidget.intentdefinition in Sources */ = {isa = PBXBuildFile; fileRef = 07D14EEC29EB64B0008A8482 /* TweetPreviewWidget.intentdefinition */; };
		07D14EEE29EB64B0008A8482 /* TweetPreviewWidget.intentdefinition in Sources */ = {isa = PBXBuildFile; fileRef = 07D14EEC29EB64B0008A8482 /* TweetPreviewWidget.intentdefinition */; };
		07D14EF529EB65E2008A8482 /* Intents.framework in Frameworks */ = {isa = PBXBuildFile; fileRef = 073AB39229EA0811004584CC /* Intents.framework */; };
		07D14EF829EB65E2008A8482 /* IntentHandler.swift in Sources */ = {isa = PBXBuildFile; fileRef = 07D14EF729EB65E2008A8482 /* IntentHandler.swift */; };
		07D14EFF29EB65E2008A8482 /* IntentsUI.framework in Frameworks */ = {isa = PBXBuildFile; fileRef = 073AB39D29EA0811004584CC /* IntentsUI.framework */; };
		07D14F0229EB65E2008A8482 /* IntentViewController.swift in Sources */ = {isa = PBXBuildFile; fileRef = 07D14F0129EB65E2008A8482 /* IntentViewController.swift */; };
		07D14F0529EB65E2008A8482 /* MainInterface.storyboard in Resources */ = {isa = PBXBuildFile; fileRef = 07D14F0329EB65E2008A8482 /* MainInterface.storyboard */; };
		07D14F0929EB65E2008A8482 /* TweetWidget IntentUI.appex in Embed Foundation Extensions */ = {isa = PBXBuildFile; fileRef = 07D14EFE29EB65E2008A8482 /* TweetWidget IntentUI.appex */; settings = {ATTRIBUTES = (RemoveHeadersOnCopy, ); }; };
		07D14F0C29EB65E2008A8482 /* TweetWidget Intent.appex in Embed Foundation Extensions */ = {isa = PBXBuildFile; fileRef = 07D14EF429EB65E2008A8482 /* TweetWidget Intent.appex */; settings = {ATTRIBUTES = (RemoveHeadersOnCopy, ); }; };
		07D14F1329EB669D008A8482 /* TweetPreviewWidget.intentdefinition in Sources */ = {isa = PBXBuildFile; fileRef = 07D14EEC29EB64B0008A8482 /* TweetPreviewWidget.intentdefinition */; };
		07D14F1429EB669E008A8482 /* TweetPreviewWidget.intentdefinition in Sources */ = {isa = PBXBuildFile; fileRef = 07D14EEC29EB64B0008A8482 /* TweetPreviewWidget.intentdefinition */; };
		07D14F1529EB66D7008A8482 /* User.swift in Sources */ = {isa = PBXBuildFile; fileRef = 07219E9A29E24A85001C5D84 /* User.swift */; };
		07D14F1629EB66D9008A8482 /* User.swift in Sources */ = {isa = PBXBuildFile; fileRef = 07219E9A29E24A85001C5D84 /* User.swift */; };
		07D14F1829EB6BCA008A8482 /* Supabase in Frameworks */ = {isa = PBXBuildFile; productRef = 07D14F1729EB6BCA008A8482 /* Supabase */; };
		07D14F1929EB6BD7008A8482 /* CoreViewModel.swift in Sources */ = {isa = PBXBuildFile; fileRef = 07B9DB4129974FD2006B5C34 /* CoreViewModel.swift */; };
		07D14F1A29EB6C27008A8482 /* Tweet.swift in Sources */ = {isa = PBXBuildFile; fileRef = 07BE4D922990DD180086D009 /* Tweet.swift */; };
		07D14F1B29EB70FD008A8482 /* TweetView.swift in Sources */ = {isa = PBXBuildFile; fileRef = 074925802995877800E3AB46 /* TweetView.swift */; };
		07D14F1C29EB741A008A8482 /* Constants.swift in Sources */ = {isa = PBXBuildFile; fileRef = 07BE4D972991F04D0086D009 /* Constants.swift */; };
		07D14F1E29EB7A88008A8482 /* TweetPreviewWidget.swift in Sources */ = {isa = PBXBuildFile; fileRef = 073AB3CD29EA5F00004584CC /* TweetPreviewWidget.swift */; };
		07D14F1F29EB7BBB008A8482 /* IntentHandler.swift in Sources */ = {isa = PBXBuildFile; fileRef = 07D14EF729EB65E2008A8482 /* IntentHandler.swift */; };
		07D14F2029EB7ECD008A8482 /* User.swift in Sources */ = {isa = PBXBuildFile; fileRef = 07219E9A29E24A85001C5D84 /* User.swift */; };
/* End PBXBuildFile section */

/* Begin PBXContainerItemProxy section */
		073AB3D229EA5F01004584CC /* PBXContainerItemProxy */ = {
			isa = PBXContainerItemProxy;
			containerPortal = 07BE4D712990BE7A0086D009 /* Project object */;
			proxyType = 1;
			remoteGlobalIDString = 073AB3C429EA5F00004584CC;
			remoteInfo = TweetPreviewWidgetExtension;
		};
		07D14F0729EB65E2008A8482 /* PBXContainerItemProxy */ = {
			isa = PBXContainerItemProxy;
			containerPortal = 07BE4D712990BE7A0086D009 /* Project object */;
			proxyType = 1;
			remoteGlobalIDString = 07D14EFD29EB65E2008A8482;
			remoteInfo = "TweetWidget IntentUI";
		};
		07D14F0A29EB65E2008A8482 /* PBXContainerItemProxy */ = {
			isa = PBXContainerItemProxy;
			containerPortal = 07BE4D712990BE7A0086D009 /* Project object */;
			proxyType = 1;
			remoteGlobalIDString = 07D14EF329EB65E2008A8482;
			remoteInfo = "TweetWidget Intent";
		};
/* End PBXContainerItemProxy section */

/* Begin PBXCopyFilesBuildPhase section */
		0749259F2995FE0400E3AB46 /* Embed Foundation Extensions */ = {
			isa = PBXCopyFilesBuildPhase;
			buildActionMask = 2147483647;
			dstPath = "";
			dstSubfolderSpec = 13;
			files = (
				07D14F0929EB65E2008A8482 /* TweetWidget IntentUI.appex in Embed Foundation Extensions */,
				07D14F0C29EB65E2008A8482 /* TweetWidget Intent.appex in Embed Foundation Extensions */,
				073AB3D429EA5F01004584CC /* TweetPreviewWidgetExtension.appex in Embed Foundation Extensions */,
			);
			name = "Embed Foundation Extensions";
			runOnlyForDeploymentPostprocessing = 0;
		};
/* End PBXCopyFilesBuildPhase section */

/* Begin PBXFileReference section */
		07219E9A29E24A85001C5D84 /* User.swift */ = {isa = PBXFileReference; lastKnownFileType = sourcecode.swift; path = User.swift; sourceTree = "<group>"; };
		073AB38C29EA028B004584CC /* Info.plist */ = {isa = PBXFileReference; lastKnownFileType = text.plist; path = Info.plist; sourceTree = "<group>"; };
		073AB39229EA0811004584CC /* Intents.framework */ = {isa = PBXFileReference; lastKnownFileType = wrapper.framework; name = Intents.framework; path = System/Library/Frameworks/Intents.framework; sourceTree = SDKROOT; };
		073AB39D29EA0811004584CC /* IntentsUI.framework */ = {isa = PBXFileReference; lastKnownFileType = wrapper.framework; name = IntentsUI.framework; path = System/Library/Frameworks/IntentsUI.framework; sourceTree = SDKROOT; };
		073AB3C529EA5F00004584CC /* TweetPreviewWidgetExtension.appex */ = {isa = PBXFileReference; explicitFileType = "wrapper.app-extension"; includeInIndex = 0; path = TweetPreviewWidgetExtension.appex; sourceTree = BUILT_PRODUCTS_DIR; };
		073AB3C929EA5F00004584CC /* TweetPreviewWidgetBundle.swift */ = {isa = PBXFileReference; lastKnownFileType = sourcecode.swift; path = TweetPreviewWidgetBundle.swift; sourceTree = "<group>"; };
		073AB3CB29EA5F00004584CC /* TweetPreviewWidgetLiveActivity.swift */ = {isa = PBXFileReference; lastKnownFileType = sourcecode.swift; path = TweetPreviewWidgetLiveActivity.swift; sourceTree = "<group>"; };
		073AB3CD29EA5F00004584CC /* TweetPreviewWidget.swift */ = {isa = PBXFileReference; lastKnownFileType = sourcecode.swift; path = TweetPreviewWidget.swift; sourceTree = "<group>"; };
		073AB3CF29EA5F01004584CC /* Assets.xcassets */ = {isa = PBXFileReference; lastKnownFileType = folder.assetcatalog; path = Assets.xcassets; sourceTree = "<group>"; };
		073AB3D129EA5F01004584CC /* Info.plist */ = {isa = PBXFileReference; lastKnownFileType = text.plist.xml; path = Info.plist; sourceTree = "<group>"; };
		074925802995877800E3AB46 /* TweetView.swift */ = {isa = PBXFileReference; lastKnownFileType = sourcecode.swift; path = TweetView.swift; sourceTree = "<group>"; };
		074925882995FE0300E3AB46 /* WidgetKit.framework */ = {isa = PBXFileReference; lastKnownFileType = wrapper.framework; name = WidgetKit.framework; path = System/Library/Frameworks/WidgetKit.framework; sourceTree = SDKROOT; };
		0749258A2995FE0300E3AB46 /* SwiftUI.framework */ = {isa = PBXFileReference; lastKnownFileType = wrapper.framework; name = SwiftUI.framework; path = System/Library/Frameworks/SwiftUI.framework; sourceTree = SDKROOT; };
		07B9DB4029973585006B5C34 /* TweetWidget.entitlements */ = {isa = PBXFileReference; lastKnownFileType = text.plist.entitlements; path = TweetWidget.entitlements; sourceTree = "<group>"; };
		07B9DB4129974FD2006B5C34 /* CoreViewModel.swift */ = {isa = PBXFileReference; lastKnownFileType = sourcecode.swift; name = CoreViewModel.swift; path = TweetWidget/Models/CoreViewModel.swift; sourceTree = SOURCE_ROOT; };
		07BE4D792990BE7A0086D009 /* TweetWidget.app */ = {isa = PBXFileReference; explicitFileType = wrapper.application; includeInIndex = 0; path = TweetWidget.app; sourceTree = BUILT_PRODUCTS_DIR; };
		07BE4D7C2990BE7A0086D009 /* TweetWidgetApp.swift */ = {isa = PBXFileReference; lastKnownFileType = sourcecode.swift; path = TweetWidgetApp.swift; sourceTree = "<group>"; };
		07BE4D7E2990BE7A0086D009 /* HomeView.swift */ = {isa = PBXFileReference; lastKnownFileType = sourcecode.swift; path = HomeView.swift; sourceTree = "<group>"; };
		07BE4D802990BE7A0086D009 /* Assets.xcassets */ = {isa = PBXFileReference; lastKnownFileType = folder.assetcatalog; path = Assets.xcassets; sourceTree = "<group>"; };
		07BE4D832990BE7A0086D009 /* Preview Assets.xcassets */ = {isa = PBXFileReference; lastKnownFileType = folder.assetcatalog; path = "Preview Assets.xcassets"; sourceTree = "<group>"; };
		07BE4D8A2990C4C40086D009 /* CoreView.swift */ = {isa = PBXFileReference; lastKnownFileType = sourcecode.swift; path = CoreView.swift; sourceTree = "<group>"; };
		07BE4D922990DD180086D009 /* Tweet.swift */ = {isa = PBXFileReference; lastKnownFileType = sourcecode.swift; path = Tweet.swift; sourceTree = "<group>"; };
		07BE4D972991F04D0086D009 /* Constants.swift */ = {isa = PBXFileReference; lastKnownFileType = sourcecode.swift; path = Constants.swift; sourceTree = "<group>"; };
		07D14EEC29EB64B0008A8482 /* TweetPreviewWidget.intentdefinition */ = {isa = PBXFileReference; lastKnownFileType = file.intentdefinition; path = TweetPreviewWidget.intentdefinition; sourceTree = "<group>"; };
		07D14EF429EB65E2008A8482 /* TweetWidget Intent.appex */ = {isa = PBXFileReference; explicitFileType = "wrapper.app-extension"; includeInIndex = 0; path = "TweetWidget Intent.appex"; sourceTree = BUILT_PRODUCTS_DIR; };
		07D14EF729EB65E2008A8482 /* IntentHandler.swift */ = {isa = PBXFileReference; lastKnownFileType = sourcecode.swift; path = IntentHandler.swift; sourceTree = "<group>"; };
		07D14EF929EB65E2008A8482 /* Info.plist */ = {isa = PBXFileReference; lastKnownFileType = text.plist.xml; path = Info.plist; sourceTree = "<group>"; };
		07D14EFE29EB65E2008A8482 /* TweetWidget IntentUI.appex */ = {isa = PBXFileReference; explicitFileType = "wrapper.app-extension"; includeInIndex = 0; path = "TweetWidget IntentUI.appex"; sourceTree = BUILT_PRODUCTS_DIR; };
		07D14F0129EB65E2008A8482 /* IntentViewController.swift */ = {isa = PBXFileReference; lastKnownFileType = sourcecode.swift; path = IntentViewController.swift; sourceTree = "<group>"; };
		07D14F0429EB65E2008A8482 /* Base */ = {isa = PBXFileReference; lastKnownFileType = file.storyboard; name = Base; path = Base.lproj/MainInterface.storyboard; sourceTree = "<group>"; };
		07D14F0629EB65E2008A8482 /* Info.plist */ = {isa = PBXFileReference; lastKnownFileType = text.plist.xml; path = Info.plist; sourceTree = "<group>"; };
/* End PBXFileReference section */

/* Begin PBXFrameworksBuildPhase section */
		073AB3C229EA5F00004584CC /* Frameworks */ = {
			isa = PBXFrameworksBuildPhase;
			buildActionMask = 2147483647;
			files = (
				073AB3C729EA5F00004584CC /* SwiftUI.framework in Frameworks */,
				073AB3C629EA5F00004584CC /* WidgetKit.framework in Frameworks */,
				07D14F1829EB6BCA008A8482 /* Supabase in Frameworks */,
			);
			runOnlyForDeploymentPostprocessing = 0;
		};
		07BE4D762990BE7A0086D009 /* Frameworks */ = {
			isa = PBXFrameworksBuildPhase;
			buildActionMask = 2147483647;
			files = (
				07B9DB50299B45AB006B5C34 /* Supabase in Frameworks */,
			);
			runOnlyForDeploymentPostprocessing = 0;
		};
		07D14EF129EB65E2008A8482 /* Frameworks */ = {
			isa = PBXFrameworksBuildPhase;
			buildActionMask = 2147483647;
			files = (
				07D14EF529EB65E2008A8482 /* Intents.framework in Frameworks */,
			);
			runOnlyForDeploymentPostprocessing = 0;
		};
		07D14EFB29EB65E2008A8482 /* Frameworks */ = {
			isa = PBXFrameworksBuildPhase;
			buildActionMask = 2147483647;
			files = (
				07D14EFF29EB65E2008A8482 /* IntentsUI.framework in Frameworks */,
			);
			runOnlyForDeploymentPostprocessing = 0;
		};
/* End PBXFrameworksBuildPhase section */

/* Begin PBXGroup section */
		073AB3C829EA5F00004584CC /* TweetPreviewWidget */ = {
			isa = PBXGroup;
			children = (
				073AB3C929EA5F00004584CC /* TweetPreviewWidgetBundle.swift */,
				073AB3CB29EA5F00004584CC /* TweetPreviewWidgetLiveActivity.swift */,
				073AB3CD29EA5F00004584CC /* TweetPreviewWidget.swift */,
				07D14EEC29EB64B0008A8482 /* TweetPreviewWidget.intentdefinition */,
				073AB3CF29EA5F01004584CC /* Assets.xcassets */,
				073AB3D129EA5F01004584CC /* Info.plist */,
			);
			path = TweetPreviewWidget;
			sourceTree = "<group>";
		};
		074925872995FE0300E3AB46 /* Frameworks */ = {
			isa = PBXGroup;
			children = (
				074925882995FE0300E3AB46 /* WidgetKit.framework */,
				0749258A2995FE0300E3AB46 /* SwiftUI.framework */,
				073AB39229EA0811004584CC /* Intents.framework */,
				073AB39D29EA0811004584CC /* IntentsUI.framework */,
			);
			name = Frameworks;
			sourceTree = "<group>";
		};
		07B9DB3A29963256006B5C34 /* Views */ = {
			isa = PBXGroup;
			children = (
				07BE4D8A2990C4C40086D009 /* CoreView.swift */,
				07BE4D7E2990BE7A0086D009 /* HomeView.swift */,
				074925802995877800E3AB46 /* TweetView.swift */,
			);
			path = Views;
			sourceTree = "<group>";
		};
		07BE4D702990BE7A0086D009 = {
			isa = PBXGroup;
			children = (
				07BE4D7B2990BE7A0086D009 /* TweetWidget */,
				073AB3C829EA5F00004584CC /* TweetPreviewWidget */,
				07D14EF629EB65E2008A8482 /* TweetWidget Intent */,
				07D14F0029EB65E2008A8482 /* TweetWidget IntentUI */,
				074925872995FE0300E3AB46 /* Frameworks */,
				07BE4D7A2990BE7A0086D009 /* Products */,
			);
			sourceTree = "<group>";
		};
		07BE4D7A2990BE7A0086D009 /* Products */ = {
			isa = PBXGroup;
			children = (
				07BE4D792990BE7A0086D009 /* TweetWidget.app */,
				073AB3C529EA5F00004584CC /* TweetPreviewWidgetExtension.appex */,
				07D14EF429EB65E2008A8482 /* TweetWidget Intent.appex */,
				07D14EFE29EB65E2008A8482 /* TweetWidget IntentUI.appex */,
			);
			name = Products;
			sourceTree = "<group>";
		};
		07BE4D7B2990BE7A0086D009 /* TweetWidget */ = {
			isa = PBXGroup;
			children = (
				073AB38C29EA028B004584CC /* Info.plist */,
				07BE4D802990BE7A0086D009 /* Assets.xcassets */,
				07B9DB4029973585006B5C34 /* TweetWidget.entitlements */,
				07BE4D972991F04D0086D009 /* Constants.swift */,
				07BE4D7C2990BE7A0086D009 /* TweetWidgetApp.swift */,
				07BE4D8C2990CDCB0086D009 /* Models */,
				07BE4D822990BE7A0086D009 /* Preview Content */,
				07B9DB3A29963256006B5C34 /* Views */,
			);
			path = TweetWidget;
			sourceTree = "<group>";
		};
		07BE4D822990BE7A0086D009 /* Preview Content */ = {
			isa = PBXGroup;
			children = (
				07BE4D832990BE7A0086D009 /* Preview Assets.xcassets */,
			);
			path = "Preview Content";
			sourceTree = "<group>";
		};
		07BE4D8C2990CDCB0086D009 /* Models */ = {
			isa = PBXGroup;
			children = (
				07B9DB4129974FD2006B5C34 /* CoreViewModel.swift */,
				07BE4D922990DD180086D009 /* Tweet.swift */,
				07219E9A29E24A85001C5D84 /* User.swift */,
			);
			path = Models;
			sourceTree = "<group>";
		};
		07D14EF629EB65E2008A8482 /* TweetWidget Intent */ = {
			isa = PBXGroup;
			children = (
				07D14EF729EB65E2008A8482 /* IntentHandler.swift */,
				07D14EF929EB65E2008A8482 /* Info.plist */,
			);
			path = "TweetWidget Intent";
			sourceTree = "<group>";
		};
		07D14F0029EB65E2008A8482 /* TweetWidget IntentUI */ = {
			isa = PBXGroup;
			children = (
				07D14F0129EB65E2008A8482 /* IntentViewController.swift */,
				07D14F0329EB65E2008A8482 /* MainInterface.storyboard */,
				07D14F0629EB65E2008A8482 /* Info.plist */,
			);
			path = "TweetWidget IntentUI";
			sourceTree = "<group>";
		};
/* End PBXGroup section */

/* Begin PBXNativeTarget section */
		073AB3C429EA5F00004584CC /* TweetPreviewWidgetExtension */ = {
			isa = PBXNativeTarget;
			buildConfigurationList = 073AB3D529EA5F01004584CC /* Build configuration list for PBXNativeTarget "TweetPreviewWidgetExtension" */;
			buildPhases = (
				073AB3C129EA5F00004584CC /* Sources */,
				073AB3C229EA5F00004584CC /* Frameworks */,
				073AB3C329EA5F00004584CC /* Resources */,
			);
			buildRules = (
			);
			dependencies = (
			);
			name = TweetPreviewWidgetExtension;
			packageProductDependencies = (
				07D14F1729EB6BCA008A8482 /* Supabase */,
			);
			productName = TweetPreviewWidgetExtension;
			productReference = 073AB3C529EA5F00004584CC /* TweetPreviewWidgetExtension.appex */;
			productType = "com.apple.product-type.app-extension";
		};
		07BE4D782990BE7A0086D009 /* TweetWidget */ = {
			isa = PBXNativeTarget;
			buildConfigurationList = 07BE4D872990BE7A0086D009 /* Build configuration list for PBXNativeTarget "TweetWidget" */;
			buildPhases = (
				07BE4D752990BE7A0086D009 /* Sources */,
				07BE4D762990BE7A0086D009 /* Frameworks */,
				07BE4D772990BE7A0086D009 /* Resources */,
				0749259F2995FE0400E3AB46 /* Embed Foundation Extensions */,
			);
			buildRules = (
			);
			dependencies = (
				073AB3D329EA5F01004584CC /* PBXTargetDependency */,
				07D14F0829EB65E2008A8482 /* PBXTargetDependency */,
				07D14F0B29EB65E2008A8482 /* PBXTargetDependency */,
			);
			name = TweetWidget;
			packageProductDependencies = (
				07B9DB4F299B45AB006B5C34 /* Supabase */,
			);
			productName = TweetWidget;
			productReference = 07BE4D792990BE7A0086D009 /* TweetWidget.app */;
			productType = "com.apple.product-type.application";
		};
		07D14EF329EB65E2008A8482 /* TweetWidget Intent */ = {
			isa = PBXNativeTarget;
			buildConfigurationList = 07D14F1029EB65E2008A8482 /* Build configuration list for PBXNativeTarget "TweetWidget Intent" */;
			buildPhases = (
				07D14EF029EB65E2008A8482 /* Sources */,
				07D14EF129EB65E2008A8482 /* Frameworks */,
				07D14EF229EB65E2008A8482 /* Resources */,
			);
			buildRules = (
			);
			dependencies = (
			);
			name = "TweetWidget Intent";
			productName = "TweetWidget Intent";
			productReference = 07D14EF429EB65E2008A8482 /* TweetWidget Intent.appex */;
			productType = "com.apple.product-type.app-extension";
		};
		07D14EFD29EB65E2008A8482 /* TweetWidget IntentUI */ = {
			isa = PBXNativeTarget;
			buildConfigurationList = 07D14F0D29EB65E2008A8482 /* Build configuration list for PBXNativeTarget "TweetWidget IntentUI" */;
			buildPhases = (
				07D14EFA29EB65E2008A8482 /* Sources */,
				07D14EFB29EB65E2008A8482 /* Frameworks */,
				07D14EFC29EB65E2008A8482 /* Resources */,
			);
			buildRules = (
			);
			dependencies = (
			);
			name = "TweetWidget IntentUI";
			productName = "TweetWidget IntentUI";
			productReference = 07D14EFE29EB65E2008A8482 /* TweetWidget IntentUI.appex */;
			productType = "com.apple.product-type.app-extension";
		};
/* End PBXNativeTarget section */

/* Begin PBXProject section */
		07BE4D712990BE7A0086D009 /* Project object */ = {
			isa = PBXProject;
			attributes = {
				BuildIndependentTargetsInParallel = 1;
				LastSwiftUpdateCheck = 1430;
				LastUpgradeCheck = 1420;
				TargetAttributes = {
					073AB3C429EA5F00004584CC = {
						CreatedOnToolsVersion = 14.3;
					};
					07BE4D782990BE7A0086D009 = {
						CreatedOnToolsVersion = 14.2;
					};
					07D14EF329EB65E2008A8482 = {
						CreatedOnToolsVersion = 14.3;
					};
					07D14EFD29EB65E2008A8482 = {
						CreatedOnToolsVersion = 14.3;
					};
				};
			};
			buildConfigurationList = 07BE4D742990BE7A0086D009 /* Build configuration list for PBXProject "TweetWidget" */;
			compatibilityVersion = "Xcode 14.0";
			developmentRegion = en;
			hasScannedForEncodings = 0;
			knownRegions = (
				en,
				Base,
			);
			mainGroup = 07BE4D702990BE7A0086D009;
			packageReferences = (
				07B9DB4E299B45AB006B5C34 /* XCRemoteSwiftPackageReference "supabase-swift" */,
			);
			productRefGroup = 07BE4D7A2990BE7A0086D009 /* Products */;
			projectDirPath = "";
			projectRoot = "";
			targets = (
				07BE4D782990BE7A0086D009 /* TweetWidget */,
				073AB3C429EA5F00004584CC /* TweetPreviewWidgetExtension */,
				07D14EF329EB65E2008A8482 /* TweetWidget Intent */,
				07D14EFD29EB65E2008A8482 /* TweetWidget IntentUI */,
			);
		};
/* End PBXProject section */

/* Begin PBXResourcesBuildPhase section */
		073AB3C329EA5F00004584CC /* Resources */ = {
			isa = PBXResourcesBuildPhase;
			buildActionMask = 2147483647;
			files = (
				073AB3D029EA5F01004584CC /* Assets.xcassets in Resources */,
			);
			runOnlyForDeploymentPostprocessing = 0;
		};
		07BE4D772990BE7A0086D009 /* Resources */ = {
			isa = PBXResourcesBuildPhase;
			buildActionMask = 2147483647;
			files = (
				07BE4D842990BE7A0086D009 /* Preview Assets.xcassets in Resources */,
				07BE4D812990BE7A0086D009 /* Assets.xcassets in Resources */,
			);
			runOnlyForDeploymentPostprocessing = 0;
		};
		07D14EF229EB65E2008A8482 /* Resources */ = {
			isa = PBXResourcesBuildPhase;
			buildActionMask = 2147483647;
			files = (
			);
			runOnlyForDeploymentPostprocessing = 0;
		};
		07D14EFC29EB65E2008A8482 /* Resources */ = {
			isa = PBXResourcesBuildPhase;
			buildActionMask = 2147483647;
			files = (
				07D14F0529EB65E2008A8482 /* MainInterface.storyboard in Resources */,
			);
			runOnlyForDeploymentPostprocessing = 0;
		};
/* End PBXResourcesBuildPhase section */

/* Begin PBXSourcesBuildPhase section */
		073AB3C129EA5F00004584CC /* Sources */ = {
			isa = PBXSourcesBuildPhase;
			buildActionMask = 2147483647;
			files = (
				073AB3CA29EA5F00004584CC /* TweetPreviewWidgetBundle.swift in Sources */,
				07D14F1929EB6BD7008A8482 /* CoreViewModel.swift in Sources */,
				073AB3CE29EA5F00004584CC /* TweetPreviewWidget.swift in Sources */,
				07D14F1A29EB6C27008A8482 /* Tweet.swift in Sources */,
				073AB3CC29EA5F00004584CC /* TweetPreviewWidgetLiveActivity.swift in Sources */,
				07D14F1529EB66D7008A8482 /* User.swift in Sources */,
				07D14F1B29EB70FD008A8482 /* TweetView.swift in Sources */,
				07D14EEE29EB64B0008A8482 /* TweetPreviewWidget.intentdefinition in Sources */,
				07D14F1C29EB741A008A8482 /* Constants.swift in Sources */,
			);
			runOnlyForDeploymentPostprocessing = 0;
		};
		07BE4D752990BE7A0086D009 /* Sources */ = {
			isa = PBXSourcesBuildPhase;
			buildActionMask = 2147483647;
			files = (
				07BE4D7F2990BE7A0086D009 /* HomeView.swift in Sources */,
				07BE4D8B2990C4C40086D009 /* CoreView.swift in Sources */,
				07B9DB4229974FD2006B5C34 /* CoreViewModel.swift in Sources */,
				07BE4D932990DD180086D009 /* Tweet.swift in Sources */,
				07BE4D982991F04D0086D009 /* Constants.swift in Sources */,
				074925812995877800E3AB46 /* TweetView.swift in Sources */,
				07D14EED29EB64B0008A8482 /* TweetPreviewWidget.intentdefinition in Sources */,
				07219E9B29E24A85001C5D84 /* User.swift in Sources */,
				07D14F1E29EB7A88008A8482 /* TweetPreviewWidget.swift in Sources */,
				07BE4D7D2990BE7A0086D009 /* TweetWidgetApp.swift in Sources */,
			);
			runOnlyForDeploymentPostprocessing = 0;
		};
		07D14EF029EB65E2008A8482 /* Sources */ = {
			isa = PBXSourcesBuildPhase;
			buildActionMask = 2147483647;
			files = (
				07D14EF829EB65E2008A8482 /* IntentHandler.swift in Sources */,
				07D14F1329EB669D008A8482 /* TweetPreviewWidget.intentdefinition in Sources */,
				07D14F1629EB66D9008A8482 /* User.swift in Sources */,
			);
			runOnlyForDeploymentPostprocessing = 0;
		};
		07D14EFA29EB65E2008A8482 /* Sources */ = {
			isa = PBXSourcesBuildPhase;
			buildActionMask = 2147483647;
			files = (
				07D14F2029EB7ECD008A8482 /* User.swift in Sources */,
				07D14F0229EB65E2008A8482 /* IntentViewController.swift in Sources */,
				07D14F1F29EB7BBB008A8482 /* IntentHandler.swift in Sources */,
				07D14F1429EB669E008A8482 /* TweetPreviewWidget.intentdefinition in Sources */,
			);
			runOnlyForDeploymentPostprocessing = 0;
		};
/* End PBXSourcesBuildPhase section */

/* Begin PBXTargetDependency section */
		073AB3D329EA5F01004584CC /* PBXTargetDependency */ = {
			isa = PBXTargetDependency;
			target = 073AB3C429EA5F00004584CC /* TweetPreviewWidgetExtension */;
			targetProxy = 073AB3D229EA5F01004584CC /* PBXContainerItemProxy */;
		};
		07D14F0829EB65E2008A8482 /* PBXTargetDependency */ = {
			isa = PBXTargetDependency;
			target = 07D14EFD29EB65E2008A8482 /* TweetWidget IntentUI */;
			targetProxy = 07D14F0729EB65E2008A8482 /* PBXContainerItemProxy */;
		};
		07D14F0B29EB65E2008A8482 /* PBXTargetDependency */ = {
			isa = PBXTargetDependency;
			target = 07D14EF329EB65E2008A8482 /* TweetWidget Intent */;
			targetProxy = 07D14F0A29EB65E2008A8482 /* PBXContainerItemProxy */;
		};
/* End PBXTargetDependency section */

/* Begin PBXVariantGroup section */
		07D14F0329EB65E2008A8482 /* MainInterface.storyboard */ = {
			isa = PBXVariantGroup;
			children = (
				07D14F0429EB65E2008A8482 /* Base */,
			);
			name = MainInterface.storyboard;
			sourceTree = "<group>";
		};
/* End PBXVariantGroup section */

/* Begin XCBuildConfiguration section */
		073AB3D629EA5F01004584CC /* Debug */ = {
			isa = XCBuildConfiguration;
			buildSettings = {
				ASSETCATALOG_COMPILER_GLOBAL_ACCENT_COLOR_NAME = AccentColor;
				ASSETCATALOG_COMPILER_WIDGET_BACKGROUND_COLOR_NAME = WidgetBackground;
				CODE_SIGN_STYLE = Automatic;
				CURRENT_PROJECT_VERSION = 1;
				DEVELOPMENT_TEAM = 77N3PG72H2;
				GENERATE_INFOPLIST_FILE = YES;
				INFOPLIST_FILE = TweetPreviewWidget/Info.plist;
				INFOPLIST_KEY_CFBundleDisplayName = TweetPreviewWidget;
				INFOPLIST_KEY_NSHumanReadableCopyright = "";
				IPHONEOS_DEPLOYMENT_TARGET = 15.0;
				LD_RUNPATH_SEARCH_PATHS = (
					"$(inherited)",
					"@executable_path/Frameworks",
					"@executable_path/../../Frameworks",
				);
				MARKETING_VERSION = 1.2;
				PRODUCT_BUNDLE_IDENTIFIER = com.cgmor.TweetWidget.TweetPreviewWidget;
				PRODUCT_NAME = "$(TARGET_NAME)";
				SKIP_INSTALL = YES;
				SWIFT_EMIT_LOC_STRINGS = YES;
				SWIFT_VERSION = 5.0;
				TARGETED_DEVICE_FAMILY = "1,2";
			};
			name = Debug;
		};
		073AB3D729EA5F01004584CC /* Release */ = {
			isa = XCBuildConfiguration;
			buildSettings = {
				ASSETCATALOG_COMPILER_GLOBAL_ACCENT_COLOR_NAME = AccentColor;
				ASSETCATALOG_COMPILER_WIDGET_BACKGROUND_COLOR_NAME = WidgetBackground;
				CODE_SIGN_STYLE = Automatic;
				CURRENT_PROJECT_VERSION = 1;
				DEVELOPMENT_TEAM = 77N3PG72H2;
				GENERATE_INFOPLIST_FILE = YES;
				INFOPLIST_FILE = TweetPreviewWidget/Info.plist;
				INFOPLIST_KEY_CFBundleDisplayName = TweetPreviewWidget;
				INFOPLIST_KEY_NSHumanReadableCopyright = "";
				IPHONEOS_DEPLOYMENT_TARGET = 15.0;
				LD_RUNPATH_SEARCH_PATHS = (
					"$(inherited)",
					"@executable_path/Frameworks",
					"@executable_path/../../Frameworks",
				);
				MARKETING_VERSION = 1.2;
				PRODUCT_BUNDLE_IDENTIFIER = com.cgmor.TweetWidget.TweetPreviewWidget;
				PRODUCT_NAME = "$(TARGET_NAME)";
				SKIP_INSTALL = YES;
				SWIFT_EMIT_LOC_STRINGS = YES;
				SWIFT_VERSION = 5.0;
				TARGETED_DEVICE_FAMILY = "1,2";
			};
			name = Release;
		};
		07BE4D852990BE7A0086D009 /* Debug */ = {
			isa = XCBuildConfiguration;
			buildSettings = {
				ALWAYS_SEARCH_USER_PATHS = NO;
				CLANG_ANALYZER_NONNULL = YES;
				CLANG_ANALYZER_NUMBER_OBJECT_CONVERSION = YES_AGGRESSIVE;
				CLANG_CXX_LANGUAGE_STANDARD = "gnu++20";
				CLANG_ENABLE_MODULES = YES;
				CLANG_ENABLE_OBJC_ARC = YES;
				CLANG_ENABLE_OBJC_WEAK = YES;
				CLANG_WARN_BLOCK_CAPTURE_AUTORELEASING = YES;
				CLANG_WARN_BOOL_CONVERSION = YES;
				CLANG_WARN_COMMA = YES;
				CLANG_WARN_CONSTANT_CONVERSION = YES;
				CLANG_WARN_DEPRECATED_OBJC_IMPLEMENTATIONS = YES;
				CLANG_WARN_DIRECT_OBJC_ISA_USAGE = YES_ERROR;
				CLANG_WARN_DOCUMENTATION_COMMENTS = YES;
				CLANG_WARN_EMPTY_BODY = YES;
				CLANG_WARN_ENUM_CONVERSION = YES;
				CLANG_WARN_INFINITE_RECURSION = YES;
				CLANG_WARN_INT_CONVERSION = YES;
				CLANG_WARN_NON_LITERAL_NULL_CONVERSION = YES;
				CLANG_WARN_OBJC_IMPLICIT_RETAIN_SELF = YES;
				CLANG_WARN_OBJC_LITERAL_CONVERSION = YES;
				CLANG_WARN_OBJC_ROOT_CLASS = YES_ERROR;
				CLANG_WARN_QUOTED_INCLUDE_IN_FRAMEWORK_HEADER = YES;
				CLANG_WARN_RANGE_LOOP_ANALYSIS = YES;
				CLANG_WARN_STRICT_PROTOTYPES = YES;
				CLANG_WARN_SUSPICIOUS_MOVE = YES;
				CLANG_WARN_UNGUARDED_AVAILABILITY = YES_AGGRESSIVE;
				CLANG_WARN_UNREACHABLE_CODE = YES;
				CLANG_WARN__DUPLICATE_METHOD_MATCH = YES;
				COPY_PHASE_STRIP = NO;
				DEBUG_INFORMATION_FORMAT = dwarf;
				ENABLE_STRICT_OBJC_MSGSEND = YES;
				ENABLE_TESTABILITY = YES;
				GCC_C_LANGUAGE_STANDARD = gnu11;
				GCC_DYNAMIC_NO_PIC = NO;
				GCC_NO_COMMON_BLOCKS = YES;
				GCC_OPTIMIZATION_LEVEL = 0;
				GCC_PREPROCESSOR_DEFINITIONS = (
					"DEBUG=1",
					"$(inherited)",
				);
				GCC_WARN_64_TO_32_BIT_CONVERSION = YES;
				GCC_WARN_ABOUT_RETURN_TYPE = YES_ERROR;
				GCC_WARN_UNDECLARED_SELECTOR = YES;
				GCC_WARN_UNINITIALIZED_AUTOS = YES_AGGRESSIVE;
				GCC_WARN_UNUSED_FUNCTION = YES;
				GCC_WARN_UNUSED_VARIABLE = YES;
				IPHONEOS_DEPLOYMENT_TARGET = 15.0;
				MTL_ENABLE_DEBUG_INFO = INCLUDE_SOURCE;
				MTL_FAST_MATH = YES;
				ONLY_ACTIVE_ARCH = YES;
				SDKROOT = iphoneos;
				SWIFT_ACTIVE_COMPILATION_CONDITIONS = DEBUG;
				SWIFT_OPTIMIZATION_LEVEL = "-Onone";
			};
			name = Debug;
		};
		07BE4D862990BE7A0086D009 /* Release */ = {
			isa = XCBuildConfiguration;
			buildSettings = {
				ALWAYS_SEARCH_USER_PATHS = NO;
				CLANG_ANALYZER_NONNULL = YES;
				CLANG_ANALYZER_NUMBER_OBJECT_CONVERSION = YES_AGGRESSIVE;
				CLANG_CXX_LANGUAGE_STANDARD = "gnu++20";
				CLANG_ENABLE_MODULES = YES;
				CLANG_ENABLE_OBJC_ARC = YES;
				CLANG_ENABLE_OBJC_WEAK = YES;
				CLANG_WARN_BLOCK_CAPTURE_AUTORELEASING = YES;
				CLANG_WARN_BOOL_CONVERSION = YES;
				CLANG_WARN_COMMA = YES;
				CLANG_WARN_CONSTANT_CONVERSION = YES;
				CLANG_WARN_DEPRECATED_OBJC_IMPLEMENTATIONS = YES;
				CLANG_WARN_DIRECT_OBJC_ISA_USAGE = YES_ERROR;
				CLANG_WARN_DOCUMENTATION_COMMENTS = YES;
				CLANG_WARN_EMPTY_BODY = YES;
				CLANG_WARN_ENUM_CONVERSION = YES;
				CLANG_WARN_INFINITE_RECURSION = YES;
				CLANG_WARN_INT_CONVERSION = YES;
				CLANG_WARN_NON_LITERAL_NULL_CONVERSION = YES;
				CLANG_WARN_OBJC_IMPLICIT_RETAIN_SELF = YES;
				CLANG_WARN_OBJC_LITERAL_CONVERSION = YES;
				CLANG_WARN_OBJC_ROOT_CLASS = YES_ERROR;
				CLANG_WARN_QUOTED_INCLUDE_IN_FRAMEWORK_HEADER = YES;
				CLANG_WARN_RANGE_LOOP_ANALYSIS = YES;
				CLANG_WARN_STRICT_PROTOTYPES = YES;
				CLANG_WARN_SUSPICIOUS_MOVE = YES;
				CLANG_WARN_UNGUARDED_AVAILABILITY = YES_AGGRESSIVE;
				CLANG_WARN_UNREACHABLE_CODE = YES;
				CLANG_WARN__DUPLICATE_METHOD_MATCH = YES;
				COPY_PHASE_STRIP = NO;
				DEBUG_INFORMATION_FORMAT = "dwarf-with-dsym";
				ENABLE_NS_ASSERTIONS = NO;
				ENABLE_STRICT_OBJC_MSGSEND = YES;
				GCC_C_LANGUAGE_STANDARD = gnu11;
				GCC_NO_COMMON_BLOCKS = YES;
				GCC_WARN_64_TO_32_BIT_CONVERSION = YES;
				GCC_WARN_ABOUT_RETURN_TYPE = YES_ERROR;
				GCC_WARN_UNDECLARED_SELECTOR = YES;
				GCC_WARN_UNINITIALIZED_AUTOS = YES_AGGRESSIVE;
				GCC_WARN_UNUSED_FUNCTION = YES;
				GCC_WARN_UNUSED_VARIABLE = YES;
				IPHONEOS_DEPLOYMENT_TARGET = 15.0;
				MTL_ENABLE_DEBUG_INFO = NO;
				MTL_FAST_MATH = YES;
				SDKROOT = iphoneos;
				SWIFT_COMPILATION_MODE = wholemodule;
				SWIFT_OPTIMIZATION_LEVEL = "-O";
				VALIDATE_PRODUCT = YES;
			};
			name = Release;
		};
		07BE4D882990BE7A0086D009 /* Debug */ = {
			isa = XCBuildConfiguration;
			buildSettings = {
				ALWAYS_EMBED_SWIFT_STANDARD_LIBRARIES = YES;
				ASSETCATALOG_COMPILER_APPICON_NAME = AppIcon;
				ASSETCATALOG_COMPILER_GLOBAL_ACCENT_COLOR_NAME = AccentColor;
				CODE_SIGN_ENTITLEMENTS = TweetWidget/TweetWidget.entitlements;
				CODE_SIGN_STYLE = Automatic;
				CURRENT_PROJECT_VERSION = 1;
				DEVELOPMENT_ASSET_PATHS = "\"TweetWidget/Preview Content\"";
				DEVELOPMENT_TEAM = 77N3PG72H2;
				ENABLE_PREVIEWS = YES;
				GENERATE_INFOPLIST_FILE = YES;
				INFOPLIST_FILE = TweetWidget/Info.plist;
				INFOPLIST_KEY_LSApplicationCategoryType = "public.app-category.productivity";
				INFOPLIST_KEY_UIApplicationSceneManifest_Generation = YES;
				INFOPLIST_KEY_UIApplicationSupportsIndirectInputEvents = YES;
				INFOPLIST_KEY_UILaunchScreen_Generation = YES;
				INFOPLIST_KEY_UISupportedInterfaceOrientations_iPad = "UIInterfaceOrientationPortrait UIInterfaceOrientationPortraitUpsideDown UIInterfaceOrientationLandscapeLeft UIInterfaceOrientationLandscapeRight";
				INFOPLIST_KEY_UISupportedInterfaceOrientations_iPhone = "UIInterfaceOrientationPortrait UIInterfaceOrientationLandscapeLeft UIInterfaceOrientationLandscapeRight";
				LD_RUNPATH_SEARCH_PATHS = (
					"$(inherited)",
					"@executable_path/Frameworks",
				);
				MARKETING_VERSION = 1.2;
				PRODUCT_BUNDLE_IDENTIFIER = com.cgmor.TweetWidget;
				PRODUCT_NAME = "$(TARGET_NAME)";
				SUPPORTED_PLATFORMS = "iphoneos iphonesimulator";
				SUPPORTS_MACCATALYST = NO;
				SUPPORTS_MAC_DESIGNED_FOR_IPHONE_IPAD = NO;
				SWIFT_EMIT_LOC_STRINGS = YES;
				SWIFT_VERSION = 5.0;
				TARGETED_DEVICE_FAMILY = "1,2";
			};
			name = Debug;
		};
		07BE4D892990BE7A0086D009 /* Release */ = {
			isa = XCBuildConfiguration;
			buildSettings = {
				ALWAYS_EMBED_SWIFT_STANDARD_LIBRARIES = YES;
				ASSETCATALOG_COMPILER_APPICON_NAME = AppIcon;
				ASSETCATALOG_COMPILER_GLOBAL_ACCENT_COLOR_NAME = AccentColor;
				CODE_SIGN_ENTITLEMENTS = TweetWidget/TweetWidget.entitlements;
				CODE_SIGN_STYLE = Automatic;
				CURRENT_PROJECT_VERSION = 1;
				DEVELOPMENT_ASSET_PATHS = "\"TweetWidget/Preview Content\"";
				DEVELOPMENT_TEAM = 77N3PG72H2;
				ENABLE_PREVIEWS = YES;
				GENERATE_INFOPLIST_FILE = YES;
				INFOPLIST_FILE = TweetWidget/Info.plist;
				INFOPLIST_KEY_LSApplicationCategoryType = "public.app-category.productivity";
				INFOPLIST_KEY_UIApplicationSceneManifest_Generation = YES;
				INFOPLIST_KEY_UIApplicationSupportsIndirectInputEvents = YES;
				INFOPLIST_KEY_UILaunchScreen_Generation = YES;
				INFOPLIST_KEY_UISupportedInterfaceOrientations_iPad = "UIInterfaceOrientationPortrait UIInterfaceOrientationPortraitUpsideDown UIInterfaceOrientationLandscapeLeft UIInterfaceOrientationLandscapeRight";
				INFOPLIST_KEY_UISupportedInterfaceOrientations_iPhone = "UIInterfaceOrientationPortrait UIInterfaceOrientationLandscapeLeft UIInterfaceOrientationLandscapeRight";
				LD_RUNPATH_SEARCH_PATHS = (
					"$(inherited)",
					"@executable_path/Frameworks",
				);
				MARKETING_VERSION = 1.2;
				PRODUCT_BUNDLE_IDENTIFIER = com.cgmor.TweetWidget;
				PRODUCT_NAME = "$(TARGET_NAME)";
				SUPPORTED_PLATFORMS = "iphoneos iphonesimulator";
				SUPPORTS_MACCATALYST = NO;
				SUPPORTS_MAC_DESIGNED_FOR_IPHONE_IPAD = NO;
				SWIFT_EMIT_LOC_STRINGS = YES;
				SWIFT_VERSION = 5.0;
				TARGETED_DEVICE_FAMILY = "1,2";
			};
			name = Release;
		};
		07D14F0E29EB65E2008A8482 /* Debug */ = {
			isa = XCBuildConfiguration;
			buildSettings = {
				CODE_SIGN_STYLE = Automatic;
				CURRENT_PROJECT_VERSION = 1;
				DEVELOPMENT_TEAM = 77N3PG72H2;
				GENERATE_INFOPLIST_FILE = YES;
				INFOPLIST_FILE = "TweetWidget IntentUI/Info.plist";
				INFOPLIST_KEY_CFBundleDisplayName = "TweetWidget IntentUI";
				INFOPLIST_KEY_NSHumanReadableCopyright = "";
				IPHONEOS_DEPLOYMENT_TARGET = 15.0;
				LD_RUNPATH_SEARCH_PATHS = (
					"$(inherited)",
					"@executable_path/Frameworks",
					"@executable_path/../../Frameworks",
				);
				MARKETING_VERSION = 1.0;
				PRODUCT_BUNDLE_IDENTIFIER = "com.cgmor.TweetWidget.TweetWidget-IntentUI";
				PRODUCT_NAME = "$(TARGET_NAME)";
				SKIP_INSTALL = YES;
				SWIFT_EMIT_LOC_STRINGS = YES;
				SWIFT_VERSION = 5.0;
				TARGETED_DEVICE_FAMILY = "1,2";
			};
			name = Debug;
		};
		07D14F0F29EB65E2008A8482 /* Release */ = {
			isa = XCBuildConfiguration;
			buildSettings = {
				CODE_SIGN_STYLE = Automatic;
				CURRENT_PROJECT_VERSION = 1;
				DEVELOPMENT_TEAM = 77N3PG72H2;
				GENERATE_INFOPLIST_FILE = YES;
				INFOPLIST_FILE = "TweetWidget IntentUI/Info.plist";
				INFOPLIST_KEY_CFBundleDisplayName = "TweetWidget IntentUI";
				INFOPLIST_KEY_NSHumanReadableCopyright = "";
				IPHONEOS_DEPLOYMENT_TARGET = 15.0;
				LD_RUNPATH_SEARCH_PATHS = (
					"$(inherited)",
					"@executable_path/Frameworks",
					"@executable_path/../../Frameworks",
				);
				MARKETING_VERSION = 1.0;
				PRODUCT_BUNDLE_IDENTIFIER = "com.cgmor.TweetWidget.TweetWidget-IntentUI";
				PRODUCT_NAME = "$(TARGET_NAME)";
				SKIP_INSTALL = YES;
				SWIFT_EMIT_LOC_STRINGS = YES;
				SWIFT_VERSION = 5.0;
				TARGETED_DEVICE_FAMILY = "1,2";
			};
			name = Release;
		};
		07D14F1129EB65E2008A8482 /* Debug */ = {
			isa = XCBuildConfiguration;
			buildSettings = {
				CODE_SIGN_STYLE = Automatic;
				CURRENT_PROJECT_VERSION = 1;
				DEVELOPMENT_TEAM = 77N3PG72H2;
				GENERATE_INFOPLIST_FILE = YES;
				INFOPLIST_FILE = "TweetWidget Intent/Info.plist";
				INFOPLIST_KEY_CFBundleDisplayName = "TweetWidget Intent";
				INFOPLIST_KEY_NSHumanReadableCopyright = "";
				IPHONEOS_DEPLOYMENT_TARGET = 15.0;
				LD_RUNPATH_SEARCH_PATHS = (
					"$(inherited)",
					"@executable_path/Frameworks",
					"@executable_path/../../Frameworks",
				);
				MARKETING_VERSION = 1.0;
				PRODUCT_BUNDLE_IDENTIFIER = "com.cgmor.TweetWidget.TweetWidget-Intent";
				PRODUCT_NAME = "$(TARGET_NAME)";
				SKIP_INSTALL = YES;
				SWIFT_EMIT_LOC_STRINGS = YES;
				SWIFT_VERSION = 5.0;
				TARGETED_DEVICE_FAMILY = "1,2";
			};
			name = Debug;
		};
		07D14F1229EB65E2008A8482 /* Release */ = {
			isa = XCBuildConfiguration;
			buildSettings = {
				CODE_SIGN_STYLE = Automatic;
				CURRENT_PROJECT_VERSION = 1;
				DEVELOPMENT_TEAM = 77N3PG72H2;
				GENERATE_INFOPLIST_FILE = YES;
				INFOPLIST_FILE = "TweetWidget Intent/Info.plist";
				INFOPLIST_KEY_CFBundleDisplayName = "TweetWidget Intent";
				INFOPLIST_KEY_NSHumanReadableCopyright = "";
				IPHONEOS_DEPLOYMENT_TARGET = 15.0;
				LD_RUNPATH_SEARCH_PATHS = (
					"$(inherited)",
					"@executable_path/Frameworks",
					"@executable_path/../../Frameworks",
				);
				MARKETING_VERSION = 1.0;
				PRODUCT_BUNDLE_IDENTIFIER = "com.cgmor.TweetWidget.TweetWidget-Intent";
				PRODUCT_NAME = "$(TARGET_NAME)";
				SKIP_INSTALL = YES;
				SWIFT_EMIT_LOC_STRINGS = YES;
				SWIFT_VERSION = 5.0;
				TARGETED_DEVICE_FAMILY = "1,2";
			};
			name = Release;
		};
/* End XCBuildConfiguration section */

/* Begin XCConfigurationList section */
		073AB3D529EA5F01004584CC /* Build configuration list for PBXNativeTarget "TweetPreviewWidgetExtension" */ = {
			isa = XCConfigurationList;
			buildConfigurations = (
				073AB3D629EA5F01004584CC /* Debug */,
				073AB3D729EA5F01004584CC /* Release */,
			);
			defaultConfigurationIsVisible = 0;
			defaultConfigurationName = Release;
		};
		07BE4D742990BE7A0086D009 /* Build configuration list for PBXProject "TweetWidget" */ = {
			isa = XCConfigurationList;
			buildConfigurations = (
				07BE4D852990BE7A0086D009 /* Debug */,
				07BE4D862990BE7A0086D009 /* Release */,
			);
			defaultConfigurationIsVisible = 0;
			defaultConfigurationName = Release;
		};
		07BE4D872990BE7A0086D009 /* Build configuration list for PBXNativeTarget "TweetWidget" */ = {
			isa = XCConfigurationList;
			buildConfigurations = (
				07BE4D882990BE7A0086D009 /* Debug */,
				07BE4D892990BE7A0086D009 /* Release */,
			);
			defaultConfigurationIsVisible = 0;
			defaultConfigurationName = Release;
		};
		07D14F0D29EB65E2008A8482 /* Build configuration list for PBXNativeTarget "TweetWidget IntentUI" */ = {
			isa = XCConfigurationList;
			buildConfigurations = (
				07D14F0E29EB65E2008A8482 /* Debug */,
				07D14F0F29EB65E2008A8482 /* Release */,
			);
			defaultConfigurationIsVisible = 0;
			defaultConfigurationName = Release;
		};
		07D14F1029EB65E2008A8482 /* Build configuration list for PBXNativeTarget "TweetWidget Intent" */ = {
			isa = XCConfigurationList;
			buildConfigurations = (
				07D14F1129EB65E2008A8482 /* Debug */,
				07D14F1229EB65E2008A8482 /* Release */,
			);
			defaultConfigurationIsVisible = 0;
			defaultConfigurationName = Release;
		};
/* End XCConfigurationList section */

/* Begin XCRemoteSwiftPackageReference section */
		07B9DB4E299B45AB006B5C34 /* XCRemoteSwiftPackageReference "supabase-swift" */ = {
			isa = XCRemoteSwiftPackageReference;
			repositoryURL = "https://github.com/supabase/supabase-swift.git";
			requirement = {
				branch = master;
				kind = branch;
			};
		};
/* End XCRemoteSwiftPackageReference section */

/* Begin XCSwiftPackageProductDependency section */
		07B9DB4F299B45AB006B5C34 /* Supabase */ = {
			isa = XCSwiftPackageProductDependency;
			package = 07B9DB4E299B45AB006B5C34 /* XCRemoteSwiftPackageReference "supabase-swift" */;
			productName = Supabase;
		};
		07D14F1729EB6BCA008A8482 /* Supabase */ = {
			isa = XCSwiftPackageProductDependency;
			package = 07B9DB4E299B45AB006B5C34 /* XCRemoteSwiftPackageReference "supabase-swift" */;
			productName = Supabase;
		};
/* End XCSwiftPackageProductDependency section */
	};
	rootObject = 07BE4D712990BE7A0086D009 /* Project object */;
}
